[[package]]
name = "account_factory"
source = "member"
dependencies = [
    "account_utils",
    "standards",
    "std",
    "sway_libs",
]

[[package]]
name = "account_logic"
source = "member"
dependencies = [
    "account_utils",
    "executor",
    "interfaces",
    "market_abi",
    "std",
]

[[package]]
name = "account_proxy"
source = "member"
dependencies = [
    "beacon_utils",
    "std",
]

[[package]]
name = "account_utils"
source = "member"
dependencies = [
    "executor",
    "market_abi",
    "std",
]

[[package]]
name = "add_liquidity_script"
source = "member"
dependencies = [
    "interfaces",
    "math",
    "std",
    "utils",
]

[[package]]
name = "batch_swap_exact_in_script"
source = "member"
dependencies = [
    "executor",
    "interfaces",
    "logger_abi",
    "mira_v1_swap",
    "std",
    "utils",
]

[[package]]
name = "batch_swap_exact_out_script"
source = "member"
dependencies = [
    "executor",
    "interfaces",
    "logger_abi",
    "math",
    "mira_v1_swap",
    "std",
    "utils",
]

[[package]]
name = "beacon"
source = "member"
dependencies = [
    "beacon_utils",
    "std",
]

[[package]]
name = "beacon_utils"
source = "member"
dependencies = ["std"]

[[package]]
name = "composer_script"
source = "member"
dependencies = [
    "executor",
    "interfaces",
    "logger_abi",
    "market_abi",
    "mira_v1_swap",
    "std",
    "utils",
]

[[package]]
name = "create_pool_and_add_liquidity_script"
source = "member"
dependencies = [
    "interfaces",
    "std",
    "utils",
]

[[package]]
name = "executor"
source = "member"
dependencies = [
    "interfaces",
    "mira_v1_swap",
    "order_utils",
    "std",
]

[[package]]
name = "interfaces"
source = "member"
dependencies = ["std"]

[[package]]
name = "logger"
source = "member"
dependencies = [
    "logger_abi",
    "std",
]

[[package]]
name = "logger_abi"
source = "member"
dependencies = ["std"]

[[package]]
name = "market_abi"
source = "path+from-root-F411C2F07C54FF1E"
dependencies = [
    "std",
    "sway_libs",
]

[[package]]
name = "math"
source = "member"
dependencies = [
    "interfaces",
    "std",
    "utils",
]

[[package]]
name = "mira_v1_swap"
source = "path+from-root-DC0586470AFEDD49"
dependencies = [
    "interfaces",
    "math",
    "std",
    "utils",
]

[[package]]
name = "mock_br"
source = "member"
dependencies = [
    "standards",
    "std",
]

[[package]]
name = "mock_swaylend"
source = "member"
dependencies = [
    "market_abi",
    "std",
    "sway_libs",
]

[[package]]
name = "mock_token"
source = "member"
dependencies = [
    "std",
    "sway_libs",
]

[[package]]
name = "one_delta_orders"
source = "member"
dependencies = [
    "order_utils",
    "std",
    "sway_libs",
]

[[package]]
name = "order_router"
source = "member"
dependencies = [
    "order_utils",
    "std",
    "sway_libs",
]

[[package]]
name = "order_utils"
source = "member"
dependencies = ["std"]

[[package]]
name = "standards"
source = "git+https://github.com/FuelLabs/sway-standards?tag=v0.7.0#7d35df95e0b96dc8ad188ab169fbbeeac896aae8"
dependencies = ["std"]

[[package]]
name = "std"
source = "git+https://github.com/fuellabs/sway?tag=v0.68.1#7e1bc152face6f1ae20b4274d98446100920e573"

[[package]]
name = "sway_libs"
source = "git+https://github.com/FuelLabs/sway-libs?tag=v0.25.2#f43d8b4aacf60867989408991414958f8eab28c0"
dependencies = [
    "standards",
    "std",
]

[[package]]
name = "utils"
source = "member"
dependencies = [
    "interfaces",
    "std",
]
